
Microsoft Visual Studio Solution File, Format Version 12.00
# Visual Studio Version 17
VisualStudioVersion = 17.9.34728.123
MinimumVisualStudioVersion = 10.0.40219.1
Project("{FAE04EC0-301F-11D3-BF4B-00C04F79EFBC}") = "operacoesIfElse", "operacoesIfElse\operacoesIfElse.csproj", "{9FE11F19-8911-4C25-A111-3EC13CD23528}"
EndProject
Project("{FAE04EC0-301F-11D3-BF4B-00C04F79EFBC}") = "operacoesSwitchCase", "operacoesSwitchCase\operacoesSwitchCase.csproj", "{6A374065-E052-47E1-A7AC-802761D659AB}"
EndProject
Global
	GlobalSection(SolutionConfigurationPlatforms) = preSolution
		Debug|Any CPU = Debug|Any CPU
		Release|Any CPU = Release|Any CPU
	EndGlobalSection
	GlobalSection(ProjectConfigurationPlatforms) = postSolution
		{9FE11F19-8911-4C25-A111-3EC13CD23528}.Debug|Any CPU.ActiveCfg = Debug|Any CPU
		{9FE11F19-8911-4C25-A111-3EC13CD23528}.Debug|Any CPU.Build.0 = Debug|Any CPU
		{9FE11F19-8911-4C25-A111-3EC13CD23528}.Release|Any CPU.ActiveCfg = Release|Any CPU
		{9FE11F19-8911-4C25-A111-3EC13CD23528}.Release|Any CPU.Build.0 = Release|Any CPU
		{6A374065-E052-47E1-A7AC-802761D659AB}.Debug|Any CPU.ActiveCfg = Debug|Any CPU
		{6A374065-E052-47E1-A7AC-802761D659AB}.Debug|Any CPU.Build.0 = Debug|Any CPU
		{6A374065-E052-47E1-A7AC-802761D659AB}.Release|Any CPU.ActiveCfg = Release|Any CPU
		{6A374065-E052-47E1-A7AC-802761D659AB}.Release|Any CPU.Build.0 = Release|Any CPU
	EndGlobalSection
	GlobalSection(SolutionProperties) = preSolution
		HideSolutionNode = FALSE
	EndGlobalSection
	GlobalSection(ExtensibilityGlobals) = postSolution
		SolutionGuid = {22674A6F-889A-428A-B948-DBA5F2F786DC}
	EndGlobalSection
EndGlobal
